
Microsoft Visual Studio Solution File, Format Version 12.00
# Visual Studio 15
VisualStudioVersion = 15.0.28307.1267
MinimumVisualStudioVersion = 10.0.40219.1
Project("{FAE04EC0-301F-11D3-BF4B-00C04F79EFBC}") = "AdjacentMaxDistance", "AdjacentMaxDistance\AdjacentMaxDistance.csproj", "{FCFE3B99-A5AA-4F65-87D8-E085A302AEF4}"
EndProject
Global
	GlobalSection(SolutionConfigurationPlatforms) = preSolution
		Debug|Any CPU = Debug|Any CPU
		Release|Any CPU = Release|Any CPU
	EndGlobalSection
	GlobalSection(ProjectConfigurationPlatforms) = postSolution
		{FCFE3B99-A5AA-4F65-87D8-E085A302AEF4}.Debug|Any CPU.ActiveCfg = Debug|Any CPU
		{FCFE3B99-A5AA-4F65-87D8-E085A302AEF4}.Debug|Any CPU.Build.0 = Debug|Any CPU
		{FCFE3B99-A5AA-4F65-87D8-E085A302AEF4}.Release|Any CPU.ActiveCfg = Release|Any CPU
		{FCFE3B99-A5AA-4F65-87D8-E085A302AEF4}.Release|Any CPU.Build.0 = Release|Any CPU
	EndGlobalSection
	GlobalSection(SolutionProperties) = preSolution
		HideSolutionNode = FALSE
	EndGlobalSection
	GlobalSection(ExtensibilityGlobals) = postSolution
		SolutionGuid = {96B0A924-65EA-4FA3-A62D-DD3DB7254D0B}
	EndGlobalSection
EndGlobal
